{
  "name": "DHBWProjekt",
  "lockfileVersion": 2,
  "requires": true,
  "packages": {
    "": {
      "dependencies": {
        "semgrep": "^0.0.1"
      }
    },
    "node_modules/semgrep": {
      "version": "0.0.1",
      "resolved": "https://registry.npmjs.org/semgrep/-/semgrep-0.0.1.tgz",
      "integrity": "sha512-3FwxAjy4qZrOigd7rRnqCZFbG80y9K9YHEQSnxMibNNP2CkDzyS2uZQyK+MWDMnopoYH6oQ0X2pJ2nABhxy50g=="
    }
  },
  "dependencies": {
    "semgrep": {
      "version": "0.0.1",
      "resolved": "https://registry.npmjs.org/semgrep/-/semgrep-0.0.1.tgz",
      "integrity": "sha512-3FwxAjy4qZrOigd7rRnqCZFbG80y9K9YHEQSnxMibNNP2CkDzyS2uZQyK+MWDMnopoYH6oQ0X2pJ2nABhxy50g=="
    }
  }
}
